
Microsoft Visual Studio Solution File, Format Version 12.00
# Visual Studio Version 16
VisualStudioVersion = 16.0.29728.190
MinimumVisualStudioVersion = 10.0.40219.1
Project("{FAE04EC0-301F-11D3-BF4B-00C04F79EFBC}") = "Part 5b", "Part 5b.csproj", "{450B3C92-74E3-4750-8CE3-1F20B8C8BCC7}"
EndProject
Global
	GlobalSection(SolutionConfigurationPlatforms) = preSolution
		Debug|Any CPU = Debug|Any CPU
		Release|Any CPU = Release|Any CPU
	EndGlobalSection
	GlobalSection(ProjectConfigurationPlatforms) = postSolution
		{450B3C92-74E3-4750-8CE3-1F20B8C8BCC7}.Debug|Any CPU.ActiveCfg = Debug|Any CPU
		{450B3C92-74E3-4750-8CE3-1F20B8C8BCC7}.Debug|Any CPU.Build.0 = Debug|Any CPU
		{450B3C92-74E3-4750-8CE3-1F20B8C8BCC7}.Release|Any CPU.ActiveCfg = Release|Any CPU
		{450B3C92-74E3-4750-8CE3-1F20B8C8BCC7}.Release|Any CPU.Build.0 = Release|Any CPU
	EndGlobalSection
	GlobalSection(SolutionProperties) = preSolution
		HideSolutionNode = FALSE
	EndGlobalSection
	GlobalSection(ExtensibilityGlobals) = postSolution
		SolutionGuid = {0A4CA2D3-603B-4DBB-A070-BABBCAF6F833}
	EndGlobalSection
EndGlobal
